
Microsoft Visual Studio Solution File, Format Version 12.00
Project("{FAE04EC0-301F-11D3-BF4B-00C04F79EFBC}") = "Lab1", "Lab1\Lab1.csproj", "{03574183-D8F0-4113-B1DE-1E5B500D4038}"
EndProject
Global
	GlobalSection(SolutionConfigurationPlatforms) = preSolution
		Debug|Any CPU = Debug|Any CPU
		Release|Any CPU = Release|Any CPU
	EndGlobalSection
	GlobalSection(ProjectConfigurationPlatforms) = postSolution
		{03574183-D8F0-4113-B1DE-1E5B500D4038}.Debug|Any CPU.ActiveCfg = Debug|Any CPU
		{03574183-D8F0-4113-B1DE-1E5B500D4038}.Debug|Any CPU.Build.0 = Debug|Any CPU
		{03574183-D8F0-4113-B1DE-1E5B500D4038}.Release|Any CPU.ActiveCfg = Release|Any CPU
		{03574183-D8F0-4113-B1DE-1E5B500D4038}.Release|Any CPU.Build.0 = Release|Any CPU
	EndGlobalSection
EndGlobal
